// !$*UTF8*$!
{
	archiveVersion = 1;
	classes = {
	};
	objectVersion = 48;
	objects = {

/* Begin PBXBuildFile section */
		38B4AEC020887B7A00EFDAE4 /* AppDelegate.swift in Sources */ = {isa = PBXBuildFile; fileRef = 38B4AEBF20887B7A00EFDAE4 /* AppDelegate.swift */; };
		38B4AEC220887B7A00EFDAE4 /* ViewController.swift in Sources */ = {isa = PBXBuildFile; fileRef = 38B4AEC120887B7A00EFDAE4 /* ViewController.swift */; };
		38B4AEC520887B7A00EFDAE4 /* Main.storyboard in Resources */ = {isa = PBXBuildFile; fileRef = 38B4AEC320887B7A00EFDAE4 /* Main.storyboard */; };
		38B4AEC720887B7A00EFDAE4 /* Assets.xcassets in Resources */ = {isa = PBXBuildFile; fileRef = 38B4AEC620887B7A00EFDAE4 /* Assets.xcassets */; };
		38B4AECA20887B7A00EFDAE4 /* LaunchScreen.storyboard in Resources */ = {isa = PBXBuildFile; fileRef = 38B4AEC820887B7A00EFDAE4 /* LaunchScreen.storyboard */; };
		38B4AED520887B7B00EFDAE4 /* HonbabhanyangTests.swift in Sources */ = {isa = PBXBuildFile; fileRef = 38B4AED420887B7B00EFDAE4 /* HonbabhanyangTests.swift */; };
		38B4AEE020887B7B00EFDAE4 /* HonbabhanyangUITests.swift in Sources */ = {isa = PBXBuildFile; fileRef = 38B4AEDF20887B7B00EFDAE4 /* HonbabhanyangUITests.swift */; };
/* End PBXBuildFile section */

/* Begin PBXContainerItemProxy section */
		38B4AED120887B7B00EFDAE4 /* PBXContainerItemProxy */ = {
			isa = PBXContainerItemProxy;
			containerPortal = 38B4AEB420887B7A00EFDAE4 /* Project object */;
			proxyType = 1;
			remoteGlobalIDString = 38B4AEBB20887B7A00EFDAE4;
			remoteInfo = Honbabhanyang;
		};
		38B4AEDC20887B7B00EFDAE4 /* PBXContainerItemProxy */ = {
			isa = PBXContainerItemProxy;
			containerPortal = 38B4AEB420887B7A00EFDAE4 /* Project object */;
			proxyType = 1;
			remoteGlobalIDString = 38B4AEBB20887B7A00EFDAE4;
			remoteInfo = Honbabhanyang;
		};
/* End PBXContainerItemProxy section */

/* Begin PBXFileReference section */
		38B4AEBC20887B7A00EFDAE4 /* Honbabhanyang.app */ = {isa = PBXFileReference; explicitFileType = wrapper.application; includeInIndex = 0; path = Honbabhanyang.app; sourceTree = BUILT_PRODUCTS_DIR; };
		38B4AEBF20887B7A00EFDAE4 /* AppDelegate.swift */ = {isa = PBXFileReference; lastKnownFileType = sourcecode.swift; path = AppDelegate.swift; sourceTree = "<group>"; };
		38B4AEC120887B7A00EFDAE4 /* ViewController.swift */ = {isa = PBXFileReference; lastKnownFileType = sourcecode.swift; path = ViewController.swift; sourceTree = "<group>"; };
		38B4AEC420887B7A00EFDAE4 /* Base */ = {isa = PBXFileReference; lastKnownFileType = file.storyboard; name = Base; path = Base.lproj/Main.storyboard; sourceTree = "<group>"; };
		38B4AEC620887B7A00EFDAE4 /* Assets.xcassets */ = {isa = PBXFileReference; lastKnownFileType = folder.assetcatalog; path = Assets.xcassets; sourceTree = "<group>"; };
		38B4AEC920887B7A00EFDAE4 /* Base */ = {isa = PBXFileReference; lastKnownFileType = file.storyboard; name = Base; path = Base.lproj/LaunchScreen.storyboard; sourceTree = "<group>"; };
		38B4AECB20887B7A00EFDAE4 /* Info.plist */ = {isa = PBXFileReference; lastKnownFileType = text.plist.xml; path = Info.plist; sourceTree = "<group>"; };
		38B4AED020887B7B00EFDAE4 /* HonbabhanyangTests.xctest */ = {isa = PBXFileReference; explicitFileType = wrapper.cfbundle; includeInIndex = 0; path = HonbabhanyangTests.xctest; sourceTree = BUILT_PRODUCTS_DIR; };
		38B4AED420887B7B00EFDAE4 /* HonbabhanyangTests.swift */ = {isa = PBXFileReference; lastKnownFileType = sourcecode.swift; path = HonbabhanyangTests.swift; sourceTree = "<group>"; };
		38B4AED620887B7B00EFDAE4 /* Info.plist */ = {isa = PBXFileReference; lastKnownFileType = text.plist.xml; path = Info.plist; sourceTree = "<group>"; };
		38B4AEDB20887B7B00EFDAE4 /* HonbabhanyangUITests.xctest */ = {isa = PBXFileReference; explicitFileType = wrapper.cfbundle; includeInIndex = 0; path = HonbabhanyangUITests.xctest; sourceTree = BUILT_PRODUCTS_DIR; };
		38B4AEDF20887B7B00EFDAE4 /* HonbabhanyangUITests.swift */ = {isa = PBXFileReference; lastKnownFileType = sourcecode.swift; path = HonbabhanyangUITests.swift; sourceTree = "<group>"; };
		38B4AEE120887B7B00EFDAE4 /* Info.plist */ = {isa = PBXFileReference; lastKnownFileType = text.plist.xml; path = Info.plist; sourceTree = "<group>"; };
/* End PBXFileReference section */

/* Begin PBXFrameworksBuildPhase section */
		38B4AEB920887B7A00EFDAE4 /* Frameworks */ = {
			isa = PBXFrameworksBuildPhase;
			buildActionMask = 2147483647;
			files = (
			);
			runOnlyForDeploymentPostprocessing = 0;
		};
		38B4AECD20887B7B00EFDAE4 /* Frameworks */ = {
			isa = PBXFrameworksBuildPhase;
			buildActionMask = 2147483647;
			files = (
			);
			runOnlyForDeploymentPostprocessing = 0;
		};
		38B4AED820887B7B00EFDAE4 /* Frameworks */ = {
			isa = PBXFrameworksBuildPhase;
			buildActionMask = 2147483647;
			files = (
			);
			runOnlyForDeploymentPostprocessing = 0;
		};
/* End PBXFrameworksBuildPhase section */

/* Begin PBXGroup section */
		38B4AEB320887B7A00EFDAE4 = {
			isa = PBXGroup;
			children = (
				38B4AEBE20887B7A00EFDAE4 /* Honbabhanyang */,
				38B4AED320887B7B00EFDAE4 /* HonbabhanyangTests */,
				38B4AEDE20887B7B00EFDAE4 /* HonbabhanyangUITests */,
				38B4AEBD20887B7A00EFDAE4 /* Products */,
			);
			sourceTree = "<group>";
		};
		38B4AEBD20887B7A00EFDAE4 /* Products */ = {
			isa = PBXGroup;
			children = (
				38B4AEBC20887B7A00EFDAE4 /* Honbabhanyang.app */,
				38B4AED020887B7B00EFDAE4 /* HonbabhanyangTests.xctest */,
				38B4AEDB20887B7B00EFDAE4 /* HonbabhanyangUITests.xctest */,
			);
			name = Products;
			sourceTree = "<group>";
		};
		38B4AEBE20887B7A00EFDAE4 /* Honbabhanyang */ = {
			isa = PBXGroup;
			children = (
				38B4AEBF20887B7A00EFDAE4 /* AppDelegate.swift */,
				38B4AEC120887B7A00EFDAE4 /* ViewController.swift */,
				38B4AEC320887B7A00EFDAE4 /* Main.storyboard */,
				38B4AEC620887B7A00EFDAE4 /* Assets.xcassets */,
				38B4AEC820887B7A00EFDAE4 /* LaunchScreen.storyboard */,
				38B4AECB20887B7A00EFDAE4 /* Info.plist */,
			);
			path = Honbabhanyang;
			sourceTree = "<group>";
		};
		38B4AED320887B7B00EFDAE4 /* HonbabhanyangTests */ = {
			isa = PBXGroup;
			children = (
				38B4AED420887B7B00EFDAE4 /* HonbabhanyangTests.swift */,
				38B4AED620887B7B00EFDAE4 /* Info.plist */,
			);
			path = HonbabhanyangTests;
			sourceTree = "<group>";
		};
		38B4AEDE20887B7B00EFDAE4 /* HonbabhanyangUITests */ = {
			isa = PBXGroup;
			children = (
				38B4AEDF20887B7B00EFDAE4 /* HonbabhanyangUITests.swift */,
				38B4AEE120887B7B00EFDAE4 /* Info.plist */,
			);
			path = HonbabhanyangUITests;
			sourceTree = "<group>";
		};
/* End PBXGroup section */

/* Begin PBXNativeTarget section */
		38B4AEBB20887B7A00EFDAE4 /* Honbabhanyang */ = {
			isa = PBXNativeTarget;
			buildConfigurationList = 38B4AEE420887B7B00EFDAE4 /* Build configuration list for PBXNativeTarget "Honbabhanyang" */;
			buildPhases = (
				38B4AEB820887B7A00EFDAE4 /* Sources */,
				38B4AEB920887B7A00EFDAE4 /* Frameworks */,
				38B4AEBA20887B7A00EFDAE4 /* Resources */,
			);
			buildRules = (
			);
			dependencies = (
			);
			name = Honbabhanyang;
			productName = Honbabhanyang;
			productReference = 38B4AEBC20887B7A00EFDAE4 /* Honbabhanyang.app */;
			productType = "com.apple.product-type.application";
		};
		38B4AECF20887B7B00EFDAE4 /* HonbabhanyangTests */ = {
			isa = PBXNativeTarget;
			buildConfigurationList = 38B4AEE720887B7B00EFDAE4 /* Build configuration list for PBXNativeTarget "HonbabhanyangTests" */;
			buildPhases = (
				38B4AECC20887B7B00EFDAE4 /* Sources */,
				38B4AECD20887B7B00EFDAE4 /* Frameworks */,
				38B4AECE20887B7B00EFDAE4 /* Resources */,
			);
			buildRules = (
			);
			dependencies = (
				38B4AED220887B7B00EFDAE4 /* PBXTargetDependency */,
			);
			name = HonbabhanyangTests;
			productName = HonbabhanyangTests;
			productReference = 38B4AED020887B7B00EFDAE4 /* HonbabhanyangTests.xctest */;
			productType = "com.apple.product-type.bundle.unit-test";
		};
		38B4AEDA20887B7B00EFDAE4 /* HonbabhanyangUITests */ = {
			isa = PBXNativeTarget;
			buildConfigurationList = 38B4AEEA20887B7B00EFDAE4 /* Build configuration list for PBXNativeTarget "HonbabhanyangUITests" */;
			buildPhases = (
				38B4AED720887B7B00EFDAE4 /* Sources */,
				38B4AED820887B7B00EFDAE4 /* Frameworks */,
				38B4AED920887B7B00EFDAE4 /* Resources */,
			);
			buildRules = (
			);
			dependencies = (
				38B4AEDD20887B7B00EFDAE4 /* PBXTargetDependency */,
			);
			name = HonbabhanyangUITests;
			productName = HonbabhanyangUITests;
			productReference = 38B4AEDB20887B7B00EFDAE4 /* HonbabhanyangUITests.xctest */;
			productType = "com.apple.product-type.bundle.ui-testing";
		};
/* End PBXNativeTarget section */

/* Begin PBXProject section */
		38B4AEB420887B7A00EFDAE4 /* Project object */ = {
			isa = PBXProject;
			attributes = {
				LastSwiftUpdateCheck = 0920;
				LastUpgradeCheck = 0920;
				ORGANIZATIONNAME = hojun;
				TargetAttributes = {
					38B4AEBB20887B7A00EFDAE4 = {
						CreatedOnToolsVersion = 9.2;
						ProvisioningStyle = Automatic;
					};
					38B4AECF20887B7B00EFDAE4 = {
						CreatedOnToolsVersion = 9.2;
						ProvisioningStyle = Automatic;
						TestTargetID = 38B4AEBB20887B7A00EFDAE4;
					};
					38B4AEDA20887B7B00EFDAE4 = {
						CreatedOnToolsVersion = 9.2;
						ProvisioningStyle = Automatic;
						TestTargetID = 38B4AEBB20887B7A00EFDAE4;
					};
				};
			};
			buildConfigurationList = 38B4AEB720887B7A00EFDAE4 /* Build configuration list for PBXProject "Honbabhanyang" */;
			compatibilityVersion = "Xcode 8.0";
			developmentRegion = en;
			hasScannedForEncodings = 0;
			knownRegions = (
				en,
				Base,
			);
			mainGroup = 38B4AEB320887B7A00EFDAE4;
			productRefGroup = 38B4AEBD20887B7A00EFDAE4 /* Products */;
			projectDirPath = "";
			projectRoot = "";
			targets = (
				38B4AEBB20887B7A00EFDAE4 /* Honbabhanyang */,
				38B4AECF20887B7B00EFDAE4 /* HonbabhanyangTests */,
				38B4AEDA20887B7B00EFDAE4 /* HonbabhanyangUITests */,
			);
		};
/* End PBXProject section */

/* Begin PBXResourcesBuildPhase section */
		38B4AEBA20887B7A00EFDAE4 /* Resources */ = {
			isa = PBXResourcesBuildPhase;
			buildActionMask = 2147483647;
			files = (
				38B4AECA20887B7A00EFDAE4 /* LaunchScreen.storyboard in Resources */,
				38B4AEC720887B7A00EFDAE4 /* Assets.xcassets in Resources */,
				38B4AEC520887B7A00EFDAE4 /* Main.storyboard in Resources */,
			);
			runOnlyForDeploymentPostprocessing = 0;
		};
		38B4AECE20887B7B00EFDAE4 /* Resources */ = {
			isa = PBXResourcesBuildPhase;
			buildActionMask = 2147483647;
			files = (
			);
			runOnlyForDeploymentPostprocessing = 0;
		};
		38B4AED920887B7B00EFDAE4 /* Resources */ = {
			isa = PBXResourcesBuildPhase;
			buildActionMask = 2147483647;
			files = (
			);
			runOnlyForDeploymentPostprocessing = 0;
		};
/* End PBXResourcesBuildPhase section */

/* Begin PBXSourcesBuildPhase section */
		38B4AEB820887B7A00EFDAE4 /* Sources */ = {
			isa = PBXSourcesBuildPhase;
			buildActionMask = 2147483647;
			files = (
				38B4AEC220887B7A00EFDAE4 /* ViewController.swift in Sources */,
				38B4AEC020887B7A00EFDAE4 /* AppDelegate.swift in Sources */,
			);
			runOnlyForDeploymentPostprocessing = 0;
		};
		38B4AECC20887B7B00EFDAE4 /* Sources */ = {
			isa = PBXSourcesBuildPhase;
			buildActionMask = 2147483647;
			files = (
				38B4AED520887B7B00EFDAE4 /* HonbabhanyangTests.swift in Sources */,
			);
			runOnlyForDeploymentPostprocessing = 0;
		};
		38B4AED720887B7B00EFDAE4 /* Sources */ = {
			isa = PBXSourcesBuildPhase;
			buildActionMask = 2147483647;
			files = (
				38B4AEE020887B7B00EFDAE4 /* HonbabhanyangUITests.swift in Sources */,
			);
			runOnlyForDeploymentPostprocessing = 0;
		};
/* End PBXSourcesBuildPhase section */

/* Begin PBXTargetDependency section */
		38B4AED220887B7B00EFDAE4 /* PBXTargetDependency */ = {
			isa = PBXTargetDependency;
			target = 38B4AEBB20887B7A00EFDAE4 /* Honbabhanyang */;
			targetProxy = 38B4AED120887B7B00EFDAE4 /* PBXContainerItemProxy */;
		};
		38B4AEDD20887B7B00EFDAE4 /* PBXTargetDependency */ = {
			isa = PBXTargetDependency;
			target = 38B4AEBB20887B7A00EFDAE4 /* Honbabhanyang */;
			targetProxy = 38B4AEDC20887B7B00EFDAE4 /* PBXContainerItemProxy */;
		};
/* End PBXTargetDependency section */

/* Begin PBXVariantGroup section */
		38B4AEC320887B7A00EFDAE4 /* Main.storyboard */ = {
			isa = PBXVariantGroup;
			children = (
				38B4AEC420887B7A00EFDAE4 /* Base */,
			);
			name = Main.storyboard;
			sourceTree = "<group>";
		};
		38B4AEC820887B7A00EFDAE4 /* LaunchScreen.storyboard */ = {
			isa = PBXVariantGroup;
			children = (
				38B4AEC920887B7A00EFDAE4 /* Base */,
			);
			name = LaunchScreen.storyboard;
			sourceTree = "<group>";
		};
/* End PBXVariantGroup section */

/* Begin XCBuildConfiguration section */
		38B4AEE220887B7B00EFDAE4 /* Debug */ = {
			isa = XCBuildConfiguration;
			buildSettings = {
				ALWAYS_SEARCH_USER_PATHS = NO;
				CLANG_ANALYZER_NONNULL = YES;
				CLANG_ANALYZER_NUMBER_OBJECT_CONVERSION = YES_AGGRESSIVE;
				CLANG_CXX_LANGUAGE_STANDARD = "gnu++14";
				CLANG_CXX_LIBRARY = "libc++";
				CLANG_ENABLE_MODULES = YES;
				CLANG_ENABLE_OBJC_ARC = YES;
				CLANG_WARN_BLOCK_CAPTURE_AUTORELEASING = YES;
				CLANG_WARN_BOOL_CONVERSION = YES;
				CLANG_WARN_COMMA = YES;
				CLANG_WARN_CONSTANT_CONVERSION = YES;
				CLANG_WARN_DIRECT_OBJC_ISA_USAGE = YES_ERROR;
				CLANG_WARN_DOCUMENTATION_COMMENTS = YES;
				CLANG_WARN_EMPTY_BODY = YES;
				CLANG_WARN_ENUM_CONVERSION = YES;
				CLANG_WARN_INFINITE_RECURSION = YES;
				CLANG_WARN_INT_CONVERSION = YES;
				CLANG_WARN_NON_LITERAL_NULL_CONVERSION = YES;
				CLANG_WARN_OBJC_LITERAL_CONVERSION = YES;
				CLANG_WARN_OBJC_ROOT_CLASS = YES_ERROR;
				CLANG_WARN_RANGE_LOOP_ANALYSIS = YES;
				CLANG_WARN_STRICT_PROTOTYPES = YES;
				CLANG_WARN_SUSPICIOUS_MOVE = YES;
				CLANG_WARN_UNGUARDED_AVAILABILITY = YES_AGGRESSIVE;
				CLANG_WARN_UNREACHABLE_CODE = YES;
				CLANG_WARN__DUPLICATE_METHOD_MATCH = YES;
				CODE_SIGN_IDENTITY = "iPhone Developer";
				COPY_PHASE_STRIP = NO;
				DEBUG_INFORMATION_FORMAT = dwarf;
				ENABLE_STRICT_OBJC_MSGSEND = YES;
				ENABLE_TESTABILITY = YES;
				GCC_C_LANGUAGE_STANDARD = gnu11;
				GCC_DYNAMIC_NO_PIC = NO;
				GCC_NO_COMMON_BLOCKS = YES;
				GCC_OPTIMIZATION_LEVEL = 0;
				GCC_PREPROCESSOR_DEFINITIONS = (
					"DEBUG=1",
					"$(inherited)",
				);
				GCC_WARN_64_TO_32_BIT_CONVERSION = YES;
				GCC_WARN_ABOUT_RETURN_TYPE = YES_ERROR;
				GCC_WARN_UNDECLARED_SELECTOR = YES;
				GCC_WARN_UNINITIALIZED_AUTOS = YES_AGGRESSIVE;
				GCC_WARN_UNUSED_FUNCTION = YES;
				GCC_WARN_UNUSED_VARIABLE = YES;
				IPHONEOS_DEPLOYMENT_TARGET = 11.2;
				MTL_ENABLE_DEBUG_INFO = YES;
				ONLY_ACTIVE_ARCH = YES;
				SDKROOT = iphoneos;
				SWIFT_ACTIVE_COMPILATION_CONDITIONS = DEBUG;
				SWIFT_OPTIMIZATION_LEVEL = "-Onone";
			};
			name = Debug;
		};
		38B4AEE320887B7B00EFDAE4 /* Release */ = {
			isa = XCBuildConfiguration;
			buildSettings = {
				ALWAYS_SEARCH_USER_PATHS = NO;
				CLANG_ANALYZER_NONNULL = YES;
				CLANG_ANALYZER_NUMBER_OBJECT_CONVERSION = YES_AGGRESSIVE;
				CLANG_CXX_LANGUAGE_STANDARD = "gnu++14";
				CLANG_CXX_LIBRARY = "libc++";
				CLANG_ENABLE_MODULES = YES;
				CLANG_ENABLE_OBJC_ARC = YES;
				CLANG_WARN_BLOCK_CAPTURE_AUTORELEASING = YES;
				CLANG_WARN_BOOL_CONVERSION = YES;
				CLANG_WARN_COMMA = YES;
				CLANG_WARN_CONSTANT_CONVERSION = YES;
				CLANG_WARN_DIRECT_OBJC_ISA_USAGE = YES_ERROR;
				CLANG_WARN_DOCUMENTATION_COMMENTS = YES;
				CLANG_WARN_EMPTY_BODY = YES;
				CLANG_WARN_ENUM_CONVERSION = YES;
				CLANG_WARN_INFINITE_RECURSION = YES;
				CLANG_WARN_INT_CONVERSION = YES;
				CLANG_WARN_NON_LITERAL_NULL_CONVERSION = YES;
				CLANG_WARN_OBJC_LITERAL_CONVERSION = YES;
				CLANG_WARN_OBJC_ROOT_CLASS = YES_ERROR;
				CLANG_WARN_RANGE_LOOP_ANALYSIS = YES;
				CLANG_WARN_STRICT_PROTOTYPES = YES;
				CLANG_WARN_SUSPICIOUS_MOVE = YES;
				CLANG_WARN_UNGUARDED_AVAILABILITY = YES_AGGRESSIVE;
				CLANG_WARN_UNREACHABLE_CODE = YES;
				CLANG_WARN__DUPLICATE_METHOD_MATCH = YES;
				CODE_SIGN_IDENTITY = "iPhone Developer";
				COPY_PHASE_STRIP = NO;
				DEBUG_INFORMATION_FORMAT = "dwarf-with-dsym";
				ENABLE_NS_ASSERTIONS = NO;
				ENABLE_STRICT_OBJC_MSGSEND = YES;
				GCC_C_LANGUAGE_STANDARD = gnu11;
				GCC_NO_COMMON_BLOCKS = YES;
				GCC_WARN_64_TO_32_BIT_CONVERSION = YES;
				GCC_WARN_ABOUT_RETURN_TYPE = YES_ERROR;
				GCC_WARN_UNDECLARED_SELECTOR = YES;
				GCC_WARN_UNINITIALIZED_AUTOS = YES_AGGRESSIVE;
				GCC_WARN_UNUSED_FUNCTION = YES;
				GCC_WARN_UNUSED_VARIABLE = YES;
				IPHONEOS_DEPLOYMENT_TARGET = 11.2;
				MTL_ENABLE_DEBUG_INFO = NO;
				SDKROOT = iphoneos;
				SWIFT_OPTIMIZATION_LEVEL = "-Owholemodule";
				VALIDATE_PRODUCT = YES;
			};
			name = Release;
		};
		38B4AEE520887B7B00EFDAE4 /* Debug */ = {
			isa = XCBuildConfiguration;
			buildSettings = {
				ASSETCATALOG_COMPILER_APPICON_NAME = AppIcon;
				CODE_SIGN_STYLE = Automatic;
				INFOPLIST_FILE = Honbabhanyang/Info.plist;
				LD_RUNPATH_SEARCH_PATHS = "$(inherited) @executable_path/Frameworks";
				PRODUCT_BUNDLE_IDENTIFIER = hojun.Honbabhanyang;
				PRODUCT_NAME = "$(TARGET_NAME)";
				SWIFT_VERSION = 4.0;
				TARGETED_DEVICE_FAMILY = "1,2";
			};
			name = Debug;
		};
		38B4AEE620887B7B00EFDAE4 /* Release */ = {
			isa = XCBuildConfiguration;
			buildSettings = {
				ASSETCATALOG_COMPILER_APPICON_NAME = AppIcon;
				CODE_SIGN_STYLE = Automatic;
				INFOPLIST_FILE = Honbabhanyang/Info.plist;
				LD_RUNPATH_SEARCH_PATHS = "$(inherited) @executable_path/Frameworks";
				PRODUCT_BUNDLE_IDENTIFIER = hojun.Honbabhanyang;
				PRODUCT_NAME = "$(TARGET_NAME)";
				SWIFT_VERSION = 4.0;
				TARGETED_DEVICE_FAMILY = "1,2";
			};
			name = Release;
		};
		38B4AEE820887B7B00EFDAE4 /* Debug */ = {
			isa = XCBuildConfiguration;
			buildSettings = {
				ALWAYS_EMBED_SWIFT_STANDARD_LIBRARIES = YES;
				BUNDLE_LOADER = "$(TEST_HOST)";
				CODE_SIGN_STYLE = Automatic;
				INFOPLIST_FILE = HonbabhanyangTests/Info.plist;
				LD_RUNPATH_SEARCH_PATHS = "$(inherited) @executable_path/Frameworks @loader_path/Frameworks";
				PRODUCT_BUNDLE_IDENTIFIER = hojun.HonbabhanyangTests;
				PRODUCT_NAME = "$(TARGET_NAME)";
				SWIFT_VERSION = 4.0;
				TARGETED_DEVICE_FAMILY = "1,2";
				TEST_HOST = "$(BUILT_PRODUCTS_DIR)/Honbabhanyang.app/Honbabhanyang";
			};
			name = Debug;
		};
		38B4AEE920887B7B00EFDAE4 /* Release */ = {
			isa = XCBuildConfiguration;
			buildSettings = {
				ALWAYS_EMBED_SWIFT_STANDARD_LIBRARIES = YES;
				BUNDLE_LOADER = "$(TEST_HOST)";
				CODE_SIGN_STYLE = Automatic;
				INFOPLIST_FILE = HonbabhanyangTests/Info.plist;
				LD_RUNPATH_SEARCH_PATHS = "$(inherited) @executable_path/Frameworks @loader_path/Frameworks";
				PRODUCT_BUNDLE_IDENTIFIER = hojun.HonbabhanyangTests;
				PRODUCT_NAME = "$(TARGET_NAME)";
				SWIFT_VERSION = 4.0;
				TARGETED_DEVICE_FAMILY = "1,2";
				TEST_HOST = "$(BUILT_PRODUCTS_DIR)/Honbabhanyang.app/Honbabhanyang";
			};
			name = Release;
		};
		38B4AEEB20887B7B00EFDAE4 /* Debug */ = {
			isa = XCBuildConfiguration;
			buildSettings = {
				ALWAYS_EMBED_SWIFT_STANDARD_LIBRARIES = YES;
				CODE_SIGN_STYLE = Automatic;
				INFOPLIST_FILE = HonbabhanyangUITests/Info.plist;
				LD_RUNPATH_SEARCH_PATHS = "$(inherited) @executable_path/Frameworks @loader_path/Frameworks";
				PRODUCT_BUNDLE_IDENTIFIER = hojun.HonbabhanyangUITests;
				PRODUCT_NAME = "$(TARGET_NAME)";
				SWIFT_VERSION = 4.0;
				TARGETED_DEVICE_FAMILY = "1,2";
				TEST_TARGET_NAME = Honbabhanyang;
			};
			name = Debug;
		};
		38B4AEEC20887B7B00EFDAE4 /* Release */ = {
			isa = XCBuildConfiguration;
			buildSettings = {
				ALWAYS_EMBED_SWIFT_STANDARD_LIBRARIES = YES;
				CODE_SIGN_STYLE = Automatic;
				INFOPLIST_FILE = HonbabhanyangUITests/Info.plist;
				LD_RUNPATH_SEARCH_PATHS = "$(inherited) @executable_path/Frameworks @loader_path/Frameworks";
				PRODUCT_BUNDLE_IDENTIFIER = hojun.HonbabhanyangUITests;
				PRODUCT_NAME = "$(TARGET_NAME)";
				SWIFT_VERSION = 4.0;
				TARGETED_DEVICE_FAMILY = "1,2";
				TEST_TARGET_NAME = Honbabhanyang;
			};
			name = Release;
		};
/* End XCBuildConfiguration section */

/* Begin XCConfigurationList section */
		38B4AEB720887B7A00EFDAE4 /* Build configuration list for PBXProject "Honbabhanyang" */ = {
			isa = XCConfigurationList;
			buildConfigurations = (
				38B4AEE220887B7B00EFDAE4 /* Debug */,
				38B4AEE320887B7B00EFDAE4 /* Release */,
			);
			defaultConfigurationIsVisible = 0;
			defaultConfigurationName = Release;
		};
		38B4AEE420887B7B00EFDAE4 /* Build configuration list for PBXNativeTarget "Honbabhanyang" */ = {
			isa = XCConfigurationList;
			buildConfigurations = (
				38B4AEE520887B7B00EFDAE4 /* Debug */,
				38B4AEE620887B7B00EFDAE4 /* Release */,
			);
			defaultConfigurationIsVisible = 0;
			defaultConfigurationName = Release;
		};
		38B4AEE720887B7B00EFDAE4 /* Build configuration list for PBXNativeTarget "HonbabhanyangTests" */ = {
			isa = XCConfigurationList;
			buildConfigurations = (
				38B4AEE820887B7B00EFDAE4 /* Debug */,
				38B4AEE920887B7B00EFDAE4 /* Release */,
			);
			defaultConfigurationIsVisible = 0;
			defaultConfigurationName = Release;
		};
		38B4AEEA20887B7B00EFDAE4 /* Build configuration list for PBXNativeTarget "HonbabhanyangUITests" */ = {
			isa = XCConfigurationList;
			buildConfigurations = (
				38B4AEEB20887B7B00EFDAE4 /* Debug */,
				38B4AEEC20887B7B00EFDAE4 /* Release */,
			);
			defaultConfigurationIsVisible = 0;
			defaultConfigurationName = Release;
		};
/* End XCConfigurationList section */
	};
	rootObject = 38B4AEB420887B7A00EFDAE4 /* Project object */;
}
