// !$*UTF8*$!
{
	archiveVersion = 1;
	classes = {
	};
	objectVersion = 48;
	objects = {

/* Begin PBXBuildFile section */
		3852CFAC20BEBD0400651F8A /* CategoryTableViewController.swift in Sources */ = {isa = PBXBuildFile; fileRef = 3852CFAB20BEBD0400651F8A /* CategoryTableViewController.swift */; };
		3852CFB020BEDE2F00651F8A /* MainMenuViewController.swift in Sources */ = {isa = PBXBuildFile; fileRef = 3852CFAF20BEDE2F00651F8A /* MainMenuViewController.swift */; };
		3852CFB220BEF3E700651F8A /* RestaurantInfoViewController.swift in Sources */ = {isa = PBXBuildFile; fileRef = 3852CFB120BEF3E700651F8A /* RestaurantInfoViewController.swift */; };
		38A068D320BFD7DA009C73DA /* RestaurantTableViewCell.swift in Sources */ = {isa = PBXBuildFile; fileRef = 38A068D220BFD7DA009C73DA /* RestaurantTableViewCell.swift */; };
		38B4AEC020887B7A00EFDAE4 /* AppDelegate.swift in Sources */ = {isa = PBXBuildFile; fileRef = 38B4AEBF20887B7A00EFDAE4 /* AppDelegate.swift */; };
		38B4AEC220887B7A00EFDAE4 /* ViewController.swift in Sources */ = {isa = PBXBuildFile; fileRef = 38B4AEC120887B7A00EFDAE4 /* ViewController.swift */; };
		38B4AEC520887B7A00EFDAE4 /* Main.storyboard in Resources */ = {isa = PBXBuildFile; fileRef = 38B4AEC320887B7A00EFDAE4 /* Main.storyboard */; };
		38B4AECA20887B7A00EFDAE4 /* LaunchScreen.storyboard in Resources */ = {isa = PBXBuildFile; fileRef = 38B4AEC820887B7A00EFDAE4 /* LaunchScreen.storyboard */; };
		38B4AEEE20887B9300EFDAE4 /* restaurant.swift in Sources */ = {isa = PBXBuildFile; fileRef = 38B4AEED20887B9300EFDAE4 /* restaurant.swift */; };
		38DD71FF20A4349D007075FB /* RestaurantTableViewController.swift in Sources */ = {isa = PBXBuildFile; fileRef = 38DD71FE20A4349D007075FB /* RestaurantTableViewController.swift */; };
		603FBEC014A7F1F9F81C0F18 /* Pods_HonbabhanyangTests.framework in Frameworks */ = {isa = PBXBuildFile; fileRef = 30D8942F983719FCB26AECF4 /* Pods_HonbabhanyangTests.framework */; };
		D188EC07B3E68167D45D6889 /* Pods_HonbabhanyangUITests.framework in Frameworks */ = {isa = PBXBuildFile; fileRef = 0C6C8DDBFE76F2A5A0E19F98 /* Pods_HonbabhanyangUITests.framework */; };
		E2D6CF8DE8DA4F3F35DB6C9B /* Pods_Honbabhanyang.framework in Frameworks */ = {isa = PBXBuildFile; fileRef = 227769668F364BF84D1A56AB /* Pods_Honbabhanyang.framework */; };
		FF6CAA2B20B6A1660056A8CA /* JoinViewController.swift in Sources */ = {isa = PBXBuildFile; fileRef = FF6CAA2A20B6A1660056A8CA /* JoinViewController.swift */; };
		FF6CAA2C20B6A1660056A8CA /* JoinViewController.swift in Sources */ = {isa = PBXBuildFile; fileRef = FF6CAA2A20B6A1660056A8CA /* JoinViewController.swift */; };
		FF6CAA2D20B6A1660056A8CA /* JoinViewController.swift in Sources */ = {isa = PBXBuildFile; fileRef = FF6CAA2A20B6A1660056A8CA /* JoinViewController.swift */; };
		FF6CAA2F20B6B8310056A8CA /* GoogleService-Info.plist in Resources */ = {isa = PBXBuildFile; fileRef = FF6CAA2E20B6B8310056A8CA /* GoogleService-Info.plist */; };
		FF6CAA3020B6B8310056A8CA /* GoogleService-Info.plist in Resources */ = {isa = PBXBuildFile; fileRef = FF6CAA2E20B6B8310056A8CA /* GoogleService-Info.plist */; };
		FF6CAA3120B6B8310056A8CA /* GoogleService-Info.plist in Resources */ = {isa = PBXBuildFile; fileRef = FF6CAA2E20B6B8310056A8CA /* GoogleService-Info.plist */; };
		FFBF546320B3F50600151595 /* FirstView.swift in Sources */ = {isa = PBXBuildFile; fileRef = FFBF546220B3F50600151595 /* FirstView.swift */; };
		FFBF546420B3F50600151595 /* FirstView.swift in Sources */ = {isa = PBXBuildFile; fileRef = FFBF546220B3F50600151595 /* FirstView.swift */; };
		FFBF546520B3F50600151595 /* FirstView.swift in Sources */ = {isa = PBXBuildFile; fileRef = FFBF546220B3F50600151595 /* FirstView.swift */; };
		FFBF546720B3F9B600151595 /* LoginView.swift in Sources */ = {isa = PBXBuildFile; fileRef = FFBF546620B3F9B600151595 /* LoginView.swift */; };
		FFBF546820B3F9B600151595 /* LoginView.swift in Sources */ = {isa = PBXBuildFile; fileRef = FFBF546620B3F9B600151595 /* LoginView.swift */; };
		FFBF546920B3F9B600151595 /* LoginView.swift in Sources */ = {isa = PBXBuildFile; fileRef = FFBF546620B3F9B600151595 /* LoginView.swift */; };
		FFBF547320B58F4700151595 /* Images.xcassets in Resources */ = {isa = PBXBuildFile; fileRef = FFBF547220B58F4700151595 /* Images.xcassets */; };
		FFBF547420B58F4700151595 /* Images.xcassets in Resources */ = {isa = PBXBuildFile; fileRef = FFBF547220B58F4700151595 /* Images.xcassets */; };
		FFBF547520B58F4700151595 /* Images.xcassets in Resources */ = {isa = PBXBuildFile; fileRef = FFBF547220B58F4700151595 /* Images.xcassets */; };
/* End PBXBuildFile section */

/* Begin PBXContainerItemProxy section */
		38B4AED120887B7B00EFDAE4 /* PBXContainerItemProxy */ = {
			isa = PBXContainerItemProxy;
			containerPortal = 38B4AEB420887B7A00EFDAE4 /* Project object */;
			proxyType = 1;
			remoteGlobalIDString = 38B4AEBB20887B7A00EFDAE4;
			remoteInfo = Honbabhanyang;
		};
		38B4AEDC20887B7B00EFDAE4 /* PBXContainerItemProxy */ = {
			isa = PBXContainerItemProxy;
			containerPortal = 38B4AEB420887B7A00EFDAE4 /* Project object */;
			proxyType = 1;
			remoteGlobalIDString = 38B4AEBB20887B7A00EFDAE4;
			remoteInfo = Honbabhanyang;
		};
/* End PBXContainerItemProxy section */

/* Begin PBXFileReference section */
		0C6C8DDBFE76F2A5A0E19F98 /* Pods_HonbabhanyangUITests.framework */ = {isa = PBXFileReference; explicitFileType = wrapper.framework; includeInIndex = 0; path = Pods_HonbabhanyangUITests.framework; sourceTree = BUILT_PRODUCTS_DIR; };
		116AA64D819C2AACF6AE55A9 /* Pods-HonbabhanyangUITests.debug.xcconfig */ = {isa = PBXFileReference; includeInIndex = 1; lastKnownFileType = text.xcconfig; name = "Pods-HonbabhanyangUITests.debug.xcconfig"; path = "Pods/Target Support Files/Pods-HonbabhanyangUITests/Pods-HonbabhanyangUITests.debug.xcconfig"; sourceTree = "<group>"; };
		149BA466C91FDA3FEA931E68 /* Pods-Honbabhanyang.debug.xcconfig */ = {isa = PBXFileReference; includeInIndex = 1; lastKnownFileType = text.xcconfig; name = "Pods-Honbabhanyang.debug.xcconfig"; path = "Pods/Target Support Files/Pods-Honbabhanyang/Pods-Honbabhanyang.debug.xcconfig"; sourceTree = "<group>"; };
		227769668F364BF84D1A56AB /* Pods_Honbabhanyang.framework */ = {isa = PBXFileReference; explicitFileType = wrapper.framework; includeInIndex = 0; path = Pods_Honbabhanyang.framework; sourceTree = BUILT_PRODUCTS_DIR; };
		30D8942F983719FCB26AECF4 /* Pods_HonbabhanyangTests.framework */ = {isa = PBXFileReference; explicitFileType = wrapper.framework; includeInIndex = 0; path = Pods_HonbabhanyangTests.framework; sourceTree = BUILT_PRODUCTS_DIR; };
		3852CFAB20BEBD0400651F8A /* CategoryTableViewController.swift */ = {isa = PBXFileReference; lastKnownFileType = sourcecode.swift; path = CategoryTableViewController.swift; sourceTree = "<group>"; };
		3852CFAF20BEDE2F00651F8A /* MainMenuViewController.swift */ = {isa = PBXFileReference; lastKnownFileType = sourcecode.swift; path = MainMenuViewController.swift; sourceTree = "<group>"; };
		3852CFB120BEF3E700651F8A /* RestaurantInfoViewController.swift */ = {isa = PBXFileReference; lastKnownFileType = sourcecode.swift; path = RestaurantInfoViewController.swift; sourceTree = "<group>"; };
		38A068D220BFD7DA009C73DA /* RestaurantTableViewCell.swift */ = {isa = PBXFileReference; lastKnownFileType = sourcecode.swift; path = RestaurantTableViewCell.swift; sourceTree = "<group>"; };
		38B4AEBC20887B7A00EFDAE4 /* Honbabhanyang.app */ = {isa = PBXFileReference; explicitFileType = wrapper.application; includeInIndex = 0; path = Honbabhanyang.app; sourceTree = BUILT_PRODUCTS_DIR; };
		38B4AEBF20887B7A00EFDAE4 /* AppDelegate.swift */ = {isa = PBXFileReference; lastKnownFileType = sourcecode.swift; path = AppDelegate.swift; sourceTree = "<group>"; };
		38B4AEC120887B7A00EFDAE4 /* ViewController.swift */ = {isa = PBXFileReference; lastKnownFileType = sourcecode.swift; path = ViewController.swift; sourceTree = "<group>"; };
		38B4AEC420887B7A00EFDAE4 /* Base */ = {isa = PBXFileReference; lastKnownFileType = file.storyboard; name = Base; path = Base.lproj/Main.storyboard; sourceTree = "<group>"; };
		38B4AEC920887B7A00EFDAE4 /* Base */ = {isa = PBXFileReference; lastKnownFileType = file.storyboard; name = Base; path = Base.lproj/LaunchScreen.storyboard; sourceTree = "<group>"; };
		38B4AECB20887B7A00EFDAE4 /* Info.plist */ = {isa = PBXFileReference; lastKnownFileType = text.plist.xml; path = Info.plist; sourceTree = "<group>"; };
		38B4AED020887B7B00EFDAE4 /* HonbabhanyangTests.xctest */ = {isa = PBXFileReference; explicitFileType = wrapper.cfbundle; includeInIndex = 0; path = HonbabhanyangTests.xctest; sourceTree = BUILT_PRODUCTS_DIR; };
		38B4AEDB20887B7B00EFDAE4 /* HonbabhanyangUITests.xctest */ = {isa = PBXFileReference; explicitFileType = wrapper.cfbundle; includeInIndex = 0; path = HonbabhanyangUITests.xctest; sourceTree = BUILT_PRODUCTS_DIR; };
		38B4AEED20887B9300EFDAE4 /* restaurant.swift */ = {isa = PBXFileReference; lastKnownFileType = sourcecode.swift; path = restaurant.swift; sourceTree = "<group>"; };
		38DD71FE20A4349D007075FB /* RestaurantTableViewController.swift */ = {isa = PBXFileReference; lastKnownFileType = sourcecode.swift; path = RestaurantTableViewController.swift; sourceTree = "<group>"; };
		5B982D704EDC212CCC6026D8 /* Pods-HonbabhanyangTests.debug.xcconfig */ = {isa = PBXFileReference; includeInIndex = 1; lastKnownFileType = text.xcconfig; name = "Pods-HonbabhanyangTests.debug.xcconfig"; path = "Pods/Target Support Files/Pods-HonbabhanyangTests/Pods-HonbabhanyangTests.debug.xcconfig"; sourceTree = "<group>"; };
		65569793C7AF4BC8BBB98A5E /* Pods-HonbabhanyangTests.release.xcconfig */ = {isa = PBXFileReference; includeInIndex = 1; lastKnownFileType = text.xcconfig; name = "Pods-HonbabhanyangTests.release.xcconfig"; path = "Pods/Target Support Files/Pods-HonbabhanyangTests/Pods-HonbabhanyangTests.release.xcconfig"; sourceTree = "<group>"; };
		DB25DC773D1ABDC39907D8F6 /* Pods-Honbabhanyang.release.xcconfig */ = {isa = PBXFileReference; includeInIndex = 1; lastKnownFileType = text.xcconfig; name = "Pods-Honbabhanyang.release.xcconfig"; path = "Pods/Target Support Files/Pods-Honbabhanyang/Pods-Honbabhanyang.release.xcconfig"; sourceTree = "<group>"; };
		DC965A489FDA0EEF7F633E0C /* Pods-HonbabhanyangUITests.release.xcconfig */ = {isa = PBXFileReference; includeInIndex = 1; lastKnownFileType = text.xcconfig; name = "Pods-HonbabhanyangUITests.release.xcconfig"; path = "Pods/Target Support Files/Pods-HonbabhanyangUITests/Pods-HonbabhanyangUITests.release.xcconfig"; sourceTree = "<group>"; };
		FF6CAA2A20B6A1660056A8CA /* JoinViewController.swift */ = {isa = PBXFileReference; lastKnownFileType = sourcecode.swift; path = JoinViewController.swift; sourceTree = "<group>"; };
		FF6CAA2E20B6B8310056A8CA /* GoogleService-Info.plist */ = {isa = PBXFileReference; fileEncoding = 4; lastKnownFileType = text.plist.xml; path = "GoogleService-Info.plist"; sourceTree = "<group>"; };
		FFBF546220B3F50600151595 /* FirstView.swift */ = {isa = PBXFileReference; lastKnownFileType = sourcecode.swift; path = FirstView.swift; sourceTree = "<group>"; };
		FFBF546620B3F9B600151595 /* LoginView.swift */ = {isa = PBXFileReference; lastKnownFileType = sourcecode.swift; path = LoginView.swift; sourceTree = "<group>"; };
		FFBF547220B58F4700151595 /* Images.xcassets */ = {isa = PBXFileReference; lastKnownFileType = folder.assetcatalog; path = Images.xcassets; sourceTree = "<group>"; };
/* End PBXFileReference section */

/* Begin PBXFrameworksBuildPhase section */
		38B4AEB920887B7A00EFDAE4 /* Frameworks */ = {
			isa = PBXFrameworksBuildPhase;
			buildActionMask = 2147483647;
			files = (
				E2D6CF8DE8DA4F3F35DB6C9B /* Pods_Honbabhanyang.framework in Frameworks */,
			);
			runOnlyForDeploymentPostprocessing = 0;
		};
		38B4AECD20887B7B00EFDAE4 /* Frameworks */ = {
			isa = PBXFrameworksBuildPhase;
			buildActionMask = 2147483647;
			files = (
				603FBEC014A7F1F9F81C0F18 /* Pods_HonbabhanyangTests.framework in Frameworks */,
			);
			runOnlyForDeploymentPostprocessing = 0;
		};
		38B4AED820887B7B00EFDAE4 /* Frameworks */ = {
			isa = PBXFrameworksBuildPhase;
			buildActionMask = 2147483647;
			files = (
				D188EC07B3E68167D45D6889 /* Pods_HonbabhanyangUITests.framework in Frameworks */,
			);
			runOnlyForDeploymentPostprocessing = 0;
		};
/* End PBXFrameworksBuildPhase section */

/* Begin PBXGroup section */
		38B4AEB320887B7A00EFDAE4 = {
			isa = PBXGroup;
			children = (
				38B4AEBE20887B7A00EFDAE4 /* Honbabhanyang */,
				38B4AEBD20887B7A00EFDAE4 /* Products */,
				FC21872E01B507F4744A5193 /* Pods */,
				747DB463CA4F290751987248 /* Frameworks */,
			);
			sourceTree = "<group>";
		};
		38B4AEBD20887B7A00EFDAE4 /* Products */ = {
			isa = PBXGroup;
			children = (
				38B4AEBC20887B7A00EFDAE4 /* Honbabhanyang.app */,
				38B4AED020887B7B00EFDAE4 /* HonbabhanyangTests.xctest */,
				38B4AEDB20887B7B00EFDAE4 /* HonbabhanyangUITests.xctest */,
			);
			name = Products;
			sourceTree = "<group>";
		};
		38B4AEBE20887B7A00EFDAE4 /* Honbabhanyang */ = {
			isa = PBXGroup;
			children = (
				FF6CAA2E20B6B8310056A8CA /* GoogleService-Info.plist */,
				38B4AEBF20887B7A00EFDAE4 /* AppDelegate.swift */,
				FFBF546220B3F50600151595 /* FirstView.swift */,
				FFBF546620B3F9B600151595 /* LoginView.swift */,
				38DD71FE20A4349D007075FB /* RestaurantTableViewController.swift */,
				3852CFAB20BEBD0400651F8A /* CategoryTableViewController.swift */,
				38B4AEED20887B9300EFDAE4 /* restaurant.swift */,
				FF6CAA2A20B6A1660056A8CA /* JoinViewController.swift */,
				38B4AEC120887B7A00EFDAE4 /* ViewController.swift */,
				FFBF547220B58F4700151595 /* Images.xcassets */,
				38B4AEC320887B7A00EFDAE4 /* Main.storyboard */,
				38B4AEC820887B7A00EFDAE4 /* LaunchScreen.storyboard */,
				38B4AECB20887B7A00EFDAE4 /* Info.plist */,
				3852CFAF20BEDE2F00651F8A /* MainMenuViewController.swift */,
				3852CFB120BEF3E700651F8A /* RestaurantInfoViewController.swift */,
				38A068D220BFD7DA009C73DA /* RestaurantTableViewCell.swift */,
			);
			path = Honbabhanyang;
			sourceTree = "<group>";
		};
		747DB463CA4F290751987248 /* Frameworks */ = {
			isa = PBXGroup;
			children = (
				227769668F364BF84D1A56AB /* Pods_Honbabhanyang.framework */,
				30D8942F983719FCB26AECF4 /* Pods_HonbabhanyangTests.framework */,
				0C6C8DDBFE76F2A5A0E19F98 /* Pods_HonbabhanyangUITests.framework */,
			);
			name = Frameworks;
			sourceTree = "<group>";
		};
		FC21872E01B507F4744A5193 /* Pods */ = {
			isa = PBXGroup;
			children = (
				149BA466C91FDA3FEA931E68 /* Pods-Honbabhanyang.debug.xcconfig */,
				DB25DC773D1ABDC39907D8F6 /* Pods-Honbabhanyang.release.xcconfig */,
				5B982D704EDC212CCC6026D8 /* Pods-HonbabhanyangTests.debug.xcconfig */,
				65569793C7AF4BC8BBB98A5E /* Pods-HonbabhanyangTests.release.xcconfig */,
				116AA64D819C2AACF6AE55A9 /* Pods-HonbabhanyangUITests.debug.xcconfig */,
				DC965A489FDA0EEF7F633E0C /* Pods-HonbabhanyangUITests.release.xcconfig */,
			);
			name = Pods;
			sourceTree = "<group>";
		};
/* End PBXGroup section */

/* Begin PBXNativeTarget section */
		38B4AEBB20887B7A00EFDAE4 /* Honbabhanyang */ = {
			isa = PBXNativeTarget;
			buildConfigurationList = 38B4AEE420887B7B00EFDAE4 /* Build configuration list for PBXNativeTarget "Honbabhanyang" */;
			buildPhases = (
				78429CE2F696973CD981D1D0 /* [CP] Check Pods Manifest.lock */,
				38B4AEB820887B7A00EFDAE4 /* Sources */,
				38B4AEB920887B7A00EFDAE4 /* Frameworks */,
				38B4AEBA20887B7A00EFDAE4 /* Resources */,
				5391E9088CD5CE87C4FCB9CE /* [CP] Embed Pods Frameworks */,
			);
			buildRules = (
			);
			dependencies = (
			);
			name = Honbabhanyang;
			productName = Honbabhanyang;
			productReference = 38B4AEBC20887B7A00EFDAE4 /* Honbabhanyang.app */;
			productType = "com.apple.product-type.application";
		};
		38B4AECF20887B7B00EFDAE4 /* HonbabhanyangTests */ = {
			isa = PBXNativeTarget;
			buildConfigurationList = 38B4AEE720887B7B00EFDAE4 /* Build configuration list for PBXNativeTarget "HonbabhanyangTests" */;
			buildPhases = (
				9EA3CCB2D60BDEB0E8CF9939 /* [CP] Check Pods Manifest.lock */,
				38B4AECC20887B7B00EFDAE4 /* Sources */,
				38B4AECD20887B7B00EFDAE4 /* Frameworks */,
				38B4AECE20887B7B00EFDAE4 /* Resources */,
			);
			buildRules = (
			);
			dependencies = (
				38B4AED220887B7B00EFDAE4 /* PBXTargetDependency */,
			);
			name = HonbabhanyangTests;
			productName = HonbabhanyangTests;
			productReference = 38B4AED020887B7B00EFDAE4 /* HonbabhanyangTests.xctest */;
			productType = "com.apple.product-type.bundle.unit-test";
		};
		38B4AEDA20887B7B00EFDAE4 /* HonbabhanyangUITests */ = {
			isa = PBXNativeTarget;
			buildConfigurationList = 38B4AEEA20887B7B00EFDAE4 /* Build configuration list for PBXNativeTarget "HonbabhanyangUITests" */;
			buildPhases = (
				90E4389691A628FEAC54C5C6 /* [CP] Check Pods Manifest.lock */,
				38B4AED720887B7B00EFDAE4 /* Sources */,
				38B4AED820887B7B00EFDAE4 /* Frameworks */,
				38B4AED920887B7B00EFDAE4 /* Resources */,
			);
			buildRules = (
			);
			dependencies = (
				38B4AEDD20887B7B00EFDAE4 /* PBXTargetDependency */,
			);
			name = HonbabhanyangUITests;
			productName = HonbabhanyangUITests;
			productReference = 38B4AEDB20887B7B00EFDAE4 /* HonbabhanyangUITests.xctest */;
			productType = "com.apple.product-type.bundle.ui-testing";
		};
/* End PBXNativeTarget section */

/* Begin PBXProject section */
		38B4AEB420887B7A00EFDAE4 /* Project object */ = {
			isa = PBXProject;
			attributes = {
				LastSwiftUpdateCheck = 0920;
				LastUpgradeCheck = 0920;
				ORGANIZATIONNAME = hojun;
				TargetAttributes = {
					38B4AEBB20887B7A00EFDAE4 = {
						CreatedOnToolsVersion = 9.2;
						ProvisioningStyle = Automatic;
					};
					38B4AECF20887B7B00EFDAE4 = {
						CreatedOnToolsVersion = 9.2;
						LastSwiftMigration = 0930;
						ProvisioningStyle = Automatic;
						TestTargetID = 38B4AEBB20887B7A00EFDAE4;
					};
					38B4AEDA20887B7B00EFDAE4 = {
						CreatedOnToolsVersion = 9.2;
						LastSwiftMigration = 0930;
						ProvisioningStyle = Automatic;
						TestTargetID = 38B4AEBB20887B7A00EFDAE4;
					};
				};
			};
			buildConfigurationList = 38B4AEB720887B7A00EFDAE4 /* Build configuration list for PBXProject "Honbabhanyang" */;
			compatibilityVersion = "Xcode 8.0";
			developmentRegion = en;
			hasScannedForEncodings = 0;
			knownRegions = (
				en,
				Base,
			);
			mainGroup = 38B4AEB320887B7A00EFDAE4;
			productRefGroup = 38B4AEBD20887B7A00EFDAE4 /* Products */;
			projectDirPath = "";
			projectRoot = "";
			targets = (
				38B4AEBB20887B7A00EFDAE4 /* Honbabhanyang */,
				38B4AECF20887B7B00EFDAE4 /* HonbabhanyangTests */,
				38B4AEDA20887B7B00EFDAE4 /* HonbabhanyangUITests */,
			);
		};
/* End PBXProject section */

/* Begin PBXResourcesBuildPhase section */
		38B4AEBA20887B7A00EFDAE4 /* Resources */ = {
			isa = PBXResourcesBuildPhase;
			buildActionMask = 2147483647;
			files = (
				38B4AECA20887B7A00EFDAE4 /* LaunchScreen.storyboard in Resources */,
				FFBF547320B58F4700151595 /* Images.xcassets in Resources */,
				FF6CAA2F20B6B8310056A8CA /* GoogleService-Info.plist in Resources */,
				38B4AEC520887B7A00EFDAE4 /* Main.storyboard in Resources */,
			);
			runOnlyForDeploymentPostprocessing = 0;
		};
		38B4AECE20887B7B00EFDAE4 /* Resources */ = {
			isa = PBXResourcesBuildPhase;
			buildActionMask = 2147483647;
			files = (
				FFBF547420B58F4700151595 /* Images.xcassets in Resources */,
				FF6CAA3020B6B8310056A8CA /* GoogleService-Info.plist in Resources */,
			);
			runOnlyForDeploymentPostprocessing = 0;
		};
		38B4AED920887B7B00EFDAE4 /* Resources */ = {
			isa = PBXResourcesBuildPhase;
			buildActionMask = 2147483647;
			files = (
				FFBF547520B58F4700151595 /* Images.xcassets in Resources */,
				FF6CAA3120B6B8310056A8CA /* GoogleService-Info.plist in Resources */,
			);
			runOnlyForDeploymentPostprocessing = 0;
		};
/* End PBXResourcesBuildPhase section */

/* Begin PBXShellScriptBuildPhase section */
		5391E9088CD5CE87C4FCB9CE /* [CP] Embed Pods Frameworks */ = {
			isa = PBXShellScriptBuildPhase;
			buildActionMask = 2147483647;
			files = (
			);
			inputPaths = (
				"${SRCROOT}/Pods/Target Support Files/Pods-Honbabhanyang/Pods-Honbabhanyang-frameworks.sh",
				"${BUILT_PRODUCTS_DIR}/GTMSessionFetcher/GTMSessionFetcher.framework",
				"${BUILT_PRODUCTS_DIR}/GoogleToolboxForMac/GoogleToolboxForMac.framework",
				"${BUILT_PRODUCTS_DIR}/Protobuf/Protobuf.framework",
				"${BUILT_PRODUCTS_DIR}/leveldb-library/leveldb.framework",
				"${BUILT_PRODUCTS_DIR}/nanopb/nanopb.framework",
			);
			name = "[CP] Embed Pods Frameworks";
			outputPaths = (
				"${TARGET_BUILD_DIR}/${FRAMEWORKS_FOLDER_PATH}/GTMSessionFetcher.framework",
				"${TARGET_BUILD_DIR}/${FRAMEWORKS_FOLDER_PATH}/GoogleToolboxForMac.framework",
				"${TARGET_BUILD_DIR}/${FRAMEWORKS_FOLDER_PATH}/Protobuf.framework",
				"${TARGET_BUILD_DIR}/${FRAMEWORKS_FOLDER_PATH}/leveldb.framework",
				"${TARGET_BUILD_DIR}/${FRAMEWORKS_FOLDER_PATH}/nanopb.framework",
			);
			runOnlyForDeploymentPostprocessing = 0;
			shellPath = /bin/sh;
			shellScript = "\"${SRCROOT}/Pods/Target Support Files/Pods-Honbabhanyang/Pods-Honbabhanyang-frameworks.sh\"\n";
			showEnvVarsInLog = 0;
		};
		78429CE2F696973CD981D1D0 /* [CP] Check Pods Manifest.lock */ = {
			isa = PBXShellScriptBuildPhase;
			buildActionMask = 2147483647;
			files = (
			);
			inputPaths = (
				"${PODS_PODFILE_DIR_PATH}/Podfile.lock",
				"${PODS_ROOT}/Manifest.lock",
			);
			name = "[CP] Check Pods Manifest.lock";
			outputPaths = (
				"$(DERIVED_FILE_DIR)/Pods-Honbabhanyang-checkManifestLockResult.txt",
			);
			runOnlyForDeploymentPostprocessing = 0;
			shellPath = /bin/sh;
			shellScript = "diff \"${PODS_PODFILE_DIR_PATH}/Podfile.lock\" \"${PODS_ROOT}/Manifest.lock\" > /dev/null\nif [ $? != 0 ] ; then\n    # print error to STDERR\n    echo \"error: The sandbox is not in sync with the Podfile.lock. Run 'pod install' or update your CocoaPods installation.\" >&2\n    exit 1\nfi\n# This output is used by Xcode 'outputs' to avoid re-running this script phase.\necho \"SUCCESS\" > \"${SCRIPT_OUTPUT_FILE_0}\"\n";
			showEnvVarsInLog = 0;
		};
		90E4389691A628FEAC54C5C6 /* [CP] Check Pods Manifest.lock */ = {
			isa = PBXShellScriptBuildPhase;
			buildActionMask = 2147483647;
			files = (
			);
			inputPaths = (
				"${PODS_PODFILE_DIR_PATH}/Podfile.lock",
				"${PODS_ROOT}/Manifest.lock",
			);
			name = "[CP] Check Pods Manifest.lock";
			outputPaths = (
				"$(DERIVED_FILE_DIR)/Pods-HonbabhanyangUITests-checkManifestLockResult.txt",
			);
			runOnlyForDeploymentPostprocessing = 0;
			shellPath = /bin/sh;
			shellScript = "diff \"${PODS_PODFILE_DIR_PATH}/Podfile.lock\" \"${PODS_ROOT}/Manifest.lock\" > /dev/null\nif [ $? != 0 ] ; then\n    # print error to STDERR\n    echo \"error: The sandbox is not in sync with the Podfile.lock. Run 'pod install' or update your CocoaPods installation.\" >&2\n    exit 1\nfi\n# This output is used by Xcode 'outputs' to avoid re-running this script phase.\necho \"SUCCESS\" > \"${SCRIPT_OUTPUT_FILE_0}\"\n";
			showEnvVarsInLog = 0;
		};
		9EA3CCB2D60BDEB0E8CF9939 /* [CP] Check Pods Manifest.lock */ = {
			isa = PBXShellScriptBuildPhase;
			buildActionMask = 2147483647;
			files = (
			);
			inputPaths = (
				"${PODS_PODFILE_DIR_PATH}/Podfile.lock",
				"${PODS_ROOT}/Manifest.lock",
			);
			name = "[CP] Check Pods Manifest.lock";
			outputPaths = (
				"$(DERIVED_FILE_DIR)/Pods-HonbabhanyangTests-checkManifestLockResult.txt",
			);
			runOnlyForDeploymentPostprocessing = 0;
			shellPath = /bin/sh;
			shellScript = "diff \"${PODS_PODFILE_DIR_PATH}/Podfile.lock\" \"${PODS_ROOT}/Manifest.lock\" > /dev/null\nif [ $? != 0 ] ; then\n    # print error to STDERR\n    echo \"error: The sandbox is not in sync with the Podfile.lock. Run 'pod install' or update your CocoaPods installation.\" >&2\n    exit 1\nfi\n# This output is used by Xcode 'outputs' to avoid re-running this script phase.\necho \"SUCCESS\" > \"${SCRIPT_OUTPUT_FILE_0}\"\n";
			showEnvVarsInLog = 0;
		};
/* End PBXShellScriptBuildPhase section */

/* Begin PBXSourcesBuildPhase section */
		38B4AEB820887B7A00EFDAE4 /* Sources */ = {
			isa = PBXSourcesBuildPhase;
			buildActionMask = 2147483647;
			files = (
				3852CFB020BEDE2F00651F8A /* MainMenuViewController.swift in Sources */,
				FFBF546720B3F9B600151595 /* LoginView.swift in Sources */,
				38B4AEEE20887B9300EFDAE4 /* restaurant.swift in Sources */,
				38A068D320BFD7DA009C73DA /* RestaurantTableViewCell.swift in Sources */,
				FF6CAA2B20B6A1660056A8CA /* JoinViewController.swift in Sources */,
				FFBF546320B3F50600151595 /* FirstView.swift in Sources */,
				3852CFB220BEF3E700651F8A /* RestaurantInfoViewController.swift in Sources */,
				3852CFAC20BEBD0400651F8A /* CategoryTableViewController.swift in Sources */,
				38B4AEC220887B7A00EFDAE4 /* ViewController.swift in Sources */,
				38DD71FF20A4349D007075FB /* RestaurantTableViewController.swift in Sources */,
				38B4AEC020887B7A00EFDAE4 /* AppDelegate.swift in Sources */,
			);
			runOnlyForDeploymentPostprocessing = 0;
		};
		38B4AECC20887B7B00EFDAE4 /* Sources */ = {
			isa = PBXSourcesBuildPhase;
			buildActionMask = 2147483647;
			files = (
				FFBF546820B3F9B600151595 /* LoginView.swift in Sources */,
				FFBF546420B3F50600151595 /* FirstView.swift in Sources */,
				FF6CAA2C20B6A1660056A8CA /* JoinViewController.swift in Sources */,
			);
			runOnlyForDeploymentPostprocessing = 0;
		};
		38B4AED720887B7B00EFDAE4 /* Sources */ = {
			isa = PBXSourcesBuildPhase;
			buildActionMask = 2147483647;
			files = (
				FFBF546920B3F9B600151595 /* LoginView.swift in Sources */,
				FFBF546520B3F50600151595 /* FirstView.swift in Sources */,
				FF6CAA2D20B6A1660056A8CA /* JoinViewController.swift in Sources */,
			);
			runOnlyForDeploymentPostprocessing = 0;
		};
/* End PBXSourcesBuildPhase section */

/* Begin PBXTargetDependency section */
		38B4AED220887B7B00EFDAE4 /* PBXTargetDependency */ = {
			isa = PBXTargetDependency;
			target = 38B4AEBB20887B7A00EFDAE4 /* Honbabhanyang */;
			targetProxy = 38B4AED120887B7B00EFDAE4 /* PBXContainerItemProxy */;
		};
		38B4AEDD20887B7B00EFDAE4 /* PBXTargetDependency */ = {
			isa = PBXTargetDependency;
			target = 38B4AEBB20887B7A00EFDAE4 /* Honbabhanyang */;
			targetProxy = 38B4AEDC20887B7B00EFDAE4 /* PBXContainerItemProxy */;
		};
/* End PBXTargetDependency section */

/* Begin PBXVariantGroup section */
		38B4AEC320887B7A00EFDAE4 /* Main.storyboard */ = {
			isa = PBXVariantGroup;
			children = (
				38B4AEC420887B7A00EFDAE4 /* Base */,
			);
			name = Main.storyboard;
			sourceTree = "<group>";
		};
		38B4AEC820887B7A00EFDAE4 /* LaunchScreen.storyboard */ = {
			isa = PBXVariantGroup;
			children = (
				38B4AEC920887B7A00EFDAE4 /* Base */,
			);
			name = LaunchScreen.storyboard;
			sourceTree = "<group>";
		};
/* End PBXVariantGroup section */

/* Begin XCBuildConfiguration section */
		38B4AEE220887B7B00EFDAE4 /* Debug */ = {
			isa = XCBuildConfiguration;
			buildSettings = {
				ALWAYS_SEARCH_USER_PATHS = NO;
				ASSETCATALOG_COMPILER_APPICON_NAME = AppIcon;
				ASSETCATALOG_COMPILER_LAUNCHIMAGE_NAME = LaunchImage;
				CLANG_ANALYZER_NONNULL = YES;
				CLANG_ANALYZER_NUMBER_OBJECT_CONVERSION = YES_AGGRESSIVE;
				CLANG_CXX_LANGUAGE_STANDARD = "gnu++14";
				CLANG_CXX_LIBRARY = "libc++";
				CLANG_ENABLE_MODULES = YES;
				CLANG_ENABLE_OBJC_ARC = YES;
				CLANG_WARN_BLOCK_CAPTURE_AUTORELEASING = YES;
				CLANG_WARN_BOOL_CONVERSION = YES;
				CLANG_WARN_COMMA = YES;
				CLANG_WARN_CONSTANT_CONVERSION = YES;
				CLANG_WARN_DIRECT_OBJC_ISA_USAGE = YES_ERROR;
				CLANG_WARN_DOCUMENTATION_COMMENTS = YES;
				CLANG_WARN_EMPTY_BODY = YES;
				CLANG_WARN_ENUM_CONVERSION = YES;
				CLANG_WARN_INFINITE_RECURSION = YES;
				CLANG_WARN_INT_CONVERSION = YES;
				CLANG_WARN_NON_LITERAL_NULL_CONVERSION = YES;
				CLANG_WARN_OBJC_LITERAL_CONVERSION = YES;
				CLANG_WARN_OBJC_ROOT_CLASS = YES_ERROR;
				CLANG_WARN_RANGE_LOOP_ANALYSIS = YES;
				CLANG_WARN_STRICT_PROTOTYPES = YES;
				CLANG_WARN_SUSPICIOUS_MOVE = YES;
				CLANG_WARN_UNGUARDED_AVAILABILITY = YES_AGGRESSIVE;
				CLANG_WARN_UNREACHABLE_CODE = YES;
				CLANG_WARN__DUPLICATE_METHOD_MATCH = YES;
				CODE_SIGN_IDENTITY = "iPhone Developer";
				COPY_PHASE_STRIP = NO;
				DEBUG_INFORMATION_FORMAT = dwarf;
				ENABLE_STRICT_OBJC_MSGSEND = YES;
				ENABLE_TESTABILITY = YES;
				GCC_C_LANGUAGE_STANDARD = gnu11;
				GCC_DYNAMIC_NO_PIC = NO;
				GCC_NO_COMMON_BLOCKS = YES;
				GCC_OPTIMIZATION_LEVEL = 0;
				GCC_PREPROCESSOR_DEFINITIONS = (
					"DEBUG=1",
					"$(inherited)",
				);
				GCC_WARN_64_TO_32_BIT_CONVERSION = YES;
				GCC_WARN_ABOUT_RETURN_TYPE = YES_ERROR;
				GCC_WARN_UNDECLARED_SELECTOR = YES;
				GCC_WARN_UNINITIALIZED_AUTOS = YES_AGGRESSIVE;
				GCC_WARN_UNUSED_FUNCTION = YES;
				GCC_WARN_UNUSED_VARIABLE = YES;
				IPHONEOS_DEPLOYMENT_TARGET = 11.2;
				MTL_ENABLE_DEBUG_INFO = YES;
				ONLY_ACTIVE_ARCH = YES;
				SDKROOT = iphoneos;
				SWIFT_ACTIVE_COMPILATION_CONDITIONS = DEBUG;
				SWIFT_OPTIMIZATION_LEVEL = "-Onone";
			};
			name = Debug;
		};
		38B4AEE320887B7B00EFDAE4 /* Release */ = {
			isa = XCBuildConfiguration;
			buildSettings = {
				ALWAYS_SEARCH_USER_PATHS = NO;
				ASSETCATALOG_COMPILER_APPICON_NAME = AppIcon;
				ASSETCATALOG_COMPILER_LAUNCHIMAGE_NAME = LaunchImage;
				CLANG_ANALYZER_NONNULL = YES;
				CLANG_ANALYZER_NUMBER_OBJECT_CONVERSION = YES_AGGRESSIVE;
				CLANG_CXX_LANGUAGE_STANDARD = "gnu++14";
				CLANG_CXX_LIBRARY = "libc++";
				CLANG_ENABLE_MODULES = YES;
				CLANG_ENABLE_OBJC_ARC = YES;
				CLANG_WARN_BLOCK_CAPTURE_AUTORELEASING = YES;
				CLANG_WARN_BOOL_CONVERSION = YES;
				CLANG_WARN_COMMA = YES;
				CLANG_WARN_CONSTANT_CONVERSION = YES;
				CLANG_WARN_DIRECT_OBJC_ISA_USAGE = YES_ERROR;
				CLANG_WARN_DOCUMENTATION_COMMENTS = YES;
				CLANG_WARN_EMPTY_BODY = YES;
				CLANG_WARN_ENUM_CONVERSION = YES;
				CLANG_WARN_INFINITE_RECURSION = YES;
				CLANG_WARN_INT_CONVERSION = YES;
				CLANG_WARN_NON_LITERAL_NULL_CONVERSION = YES;
				CLANG_WARN_OBJC_LITERAL_CONVERSION = YES;
				CLANG_WARN_OBJC_ROOT_CLASS = YES_ERROR;
				CLANG_WARN_RANGE_LOOP_ANALYSIS = YES;
				CLANG_WARN_STRICT_PROTOTYPES = YES;
				CLANG_WARN_SUSPICIOUS_MOVE = YES;
				CLANG_WARN_UNGUARDED_AVAILABILITY = YES_AGGRESSIVE;
				CLANG_WARN_UNREACHABLE_CODE = YES;
				CLANG_WARN__DUPLICATE_METHOD_MATCH = YES;
				CODE_SIGN_IDENTITY = "iPhone Developer";
				COPY_PHASE_STRIP = NO;
				DEBUG_INFORMATION_FORMAT = "dwarf-with-dsym";
				ENABLE_NS_ASSERTIONS = NO;
				ENABLE_STRICT_OBJC_MSGSEND = YES;
				GCC_C_LANGUAGE_STANDARD = gnu11;
				GCC_NO_COMMON_BLOCKS = YES;
				GCC_WARN_64_TO_32_BIT_CONVERSION = YES;
				GCC_WARN_ABOUT_RETURN_TYPE = YES_ERROR;
				GCC_WARN_UNDECLARED_SELECTOR = YES;
				GCC_WARN_UNINITIALIZED_AUTOS = YES_AGGRESSIVE;
				GCC_WARN_UNUSED_FUNCTION = YES;
				GCC_WARN_UNUSED_VARIABLE = YES;
				IPHONEOS_DEPLOYMENT_TARGET = 11.2;
				MTL_ENABLE_DEBUG_INFO = NO;
				SDKROOT = iphoneos;
				SWIFT_OPTIMIZATION_LEVEL = "-Owholemodule";
				VALIDATE_PRODUCT = YES;
			};
			name = Release;
		};
		38B4AEE520887B7B00EFDAE4 /* Debug */ = {
			isa = XCBuildConfiguration;
			baseConfigurationReference = 149BA466C91FDA3FEA931E68 /* Pods-Honbabhanyang.debug.xcconfig */;
			buildSettings = {
				ASSETCATALOG_COMPILER_APPICON_NAME = AppIcon;
				CODE_SIGN_STYLE = Automatic;
				INFOPLIST_FILE = Honbabhanyang/Info.plist;
				LD_RUNPATH_SEARCH_PATHS = "$(inherited) @executable_path/Frameworks";
				PRODUCT_BUNDLE_IDENTIFIER = hojun.Honbabhanyang;
				PRODUCT_NAME = "$(TARGET_NAME)";
				SWIFT_VERSION = 4.0;
				TARGETED_DEVICE_FAMILY = "1,2";
			};
			name = Debug;
		};
		38B4AEE620887B7B00EFDAE4 /* Release */ = {
			isa = XCBuildConfiguration;
			baseConfigurationReference = DB25DC773D1ABDC39907D8F6 /* Pods-Honbabhanyang.release.xcconfig */;
			buildSettings = {
				ASSETCATALOG_COMPILER_APPICON_NAME = AppIcon;
				CODE_SIGN_STYLE = Automatic;
				INFOPLIST_FILE = Honbabhanyang/Info.plist;
				LD_RUNPATH_SEARCH_PATHS = "$(inherited) @executable_path/Frameworks";
				PRODUCT_BUNDLE_IDENTIFIER = hojun.Honbabhanyang;
				PRODUCT_NAME = "$(TARGET_NAME)";
				SWIFT_VERSION = 4.0;
				TARGETED_DEVICE_FAMILY = "1,2";
			};
			name = Release;
		};
		38B4AEE820887B7B00EFDAE4 /* Debug */ = {
			isa = XCBuildConfiguration;
			baseConfigurationReference = 5B982D704EDC212CCC6026D8 /* Pods-HonbabhanyangTests.debug.xcconfig */;
			buildSettings = {
				ALWAYS_EMBED_SWIFT_STANDARD_LIBRARIES = YES;
				BUNDLE_LOADER = "$(TEST_HOST)";
				CLANG_ENABLE_MODULES = YES;
				CODE_SIGN_STYLE = Automatic;
				INFOPLIST_FILE = HonbabhanyangTests/Info.plist;
				LD_RUNPATH_SEARCH_PATHS = "$(inherited) @executable_path/Frameworks @loader_path/Frameworks";
				PRODUCT_BUNDLE_IDENTIFIER = hojun.HonbabhanyangTests;
				PRODUCT_NAME = "$(TARGET_NAME)";
				SWIFT_OPTIMIZATION_LEVEL = "-Onone";
				SWIFT_VERSION = 4.0;
				TARGETED_DEVICE_FAMILY = "1,2";
				TEST_HOST = "$(BUILT_PRODUCTS_DIR)/Honbabhanyang.app/Honbabhanyang";
			};
			name = Debug;
		};
		38B4AEE920887B7B00EFDAE4 /* Release */ = {
			isa = XCBuildConfiguration;
			baseConfigurationReference = 65569793C7AF4BC8BBB98A5E /* Pods-HonbabhanyangTests.release.xcconfig */;
			buildSettings = {
				ALWAYS_EMBED_SWIFT_STANDARD_LIBRARIES = YES;
				BUNDLE_LOADER = "$(TEST_HOST)";
				CLANG_ENABLE_MODULES = YES;
				CODE_SIGN_STYLE = Automatic;
				INFOPLIST_FILE = HonbabhanyangTests/Info.plist;
				LD_RUNPATH_SEARCH_PATHS = "$(inherited) @executable_path/Frameworks @loader_path/Frameworks";
				PRODUCT_BUNDLE_IDENTIFIER = hojun.HonbabhanyangTests;
				PRODUCT_NAME = "$(TARGET_NAME)";
				SWIFT_VERSION = 4.0;
				TARGETED_DEVICE_FAMILY = "1,2";
				TEST_HOST = "$(BUILT_PRODUCTS_DIR)/Honbabhanyang.app/Honbabhanyang";
			};
			name = Release;
		};
		38B4AEEB20887B7B00EFDAE4 /* Debug */ = {
			isa = XCBuildConfiguration;
			baseConfigurationReference = 116AA64D819C2AACF6AE55A9 /* Pods-HonbabhanyangUITests.debug.xcconfig */;
			buildSettings = {
				ALWAYS_EMBED_SWIFT_STANDARD_LIBRARIES = YES;
				CLANG_ENABLE_MODULES = YES;
				CODE_SIGN_STYLE = Automatic;
				INFOPLIST_FILE = HonbabhanyangUITests/Info.plist;
				LD_RUNPATH_SEARCH_PATHS = "$(inherited) @executable_path/Frameworks @loader_path/Frameworks";
				PRODUCT_BUNDLE_IDENTIFIER = hojun.HonbabhanyangUITests;
				PRODUCT_NAME = "$(TARGET_NAME)";
				SWIFT_OPTIMIZATION_LEVEL = "-Onone";
				SWIFT_VERSION = 4.0;
				TARGETED_DEVICE_FAMILY = "1,2";
				TEST_TARGET_NAME = Honbabhanyang;
			};
			name = Debug;
		};
		38B4AEEC20887B7B00EFDAE4 /* Release */ = {
			isa = XCBuildConfiguration;
			baseConfigurationReference = DC965A489FDA0EEF7F633E0C /* Pods-HonbabhanyangUITests.release.xcconfig */;
			buildSettings = {
				ALWAYS_EMBED_SWIFT_STANDARD_LIBRARIES = YES;
				CLANG_ENABLE_MODULES = YES;
				CODE_SIGN_STYLE = Automatic;
				INFOPLIST_FILE = HonbabhanyangUITests/Info.plist;
				LD_RUNPATH_SEARCH_PATHS = "$(inherited) @executable_path/Frameworks @loader_path/Frameworks";
				PRODUCT_BUNDLE_IDENTIFIER = hojun.HonbabhanyangUITests;
				PRODUCT_NAME = "$(TARGET_NAME)";
				SWIFT_VERSION = 4.0;
				TARGETED_DEVICE_FAMILY = "1,2";
				TEST_TARGET_NAME = Honbabhanyang;
			};
			name = Release;
		};
/* End XCBuildConfiguration section */

/* Begin XCConfigurationList section */
		38B4AEB720887B7A00EFDAE4 /* Build configuration list for PBXProject "Honbabhanyang" */ = {
			isa = XCConfigurationList;
			buildConfigurations = (
				38B4AEE220887B7B00EFDAE4 /* Debug */,
				38B4AEE320887B7B00EFDAE4 /* Release */,
			);
			defaultConfigurationIsVisible = 0;
			defaultConfigurationName = Release;
		};
		38B4AEE420887B7B00EFDAE4 /* Build configuration list for PBXNativeTarget "Honbabhanyang" */ = {
			isa = XCConfigurationList;
			buildConfigurations = (
				38B4AEE520887B7B00EFDAE4 /* Debug */,
				38B4AEE620887B7B00EFDAE4 /* Release */,
			);
			defaultConfigurationIsVisible = 0;
			defaultConfigurationName = Release;
		};
		38B4AEE720887B7B00EFDAE4 /* Build configuration list for PBXNativeTarget "HonbabhanyangTests" */ = {
			isa = XCConfigurationList;
			buildConfigurations = (
				38B4AEE820887B7B00EFDAE4 /* Debug */,
				38B4AEE920887B7B00EFDAE4 /* Release */,
			);
			defaultConfigurationIsVisible = 0;
			defaultConfigurationName = Release;
		};
		38B4AEEA20887B7B00EFDAE4 /* Build configuration list for PBXNativeTarget "HonbabhanyangUITests" */ = {
			isa = XCConfigurationList;
			buildConfigurations = (
				38B4AEEB20887B7B00EFDAE4 /* Debug */,
				38B4AEEC20887B7B00EFDAE4 /* Release */,
			);
			defaultConfigurationIsVisible = 0;
			defaultConfigurationName = Release;
		};
/* End XCConfigurationList section */
	};
	rootObject = 38B4AEB420887B7A00EFDAE4 /* Project object */;
}
